
Microsoft Visual Studio Solution File, Format Version 12.00
# Visual Studio Version 16
VisualStudioVersion = 16.0.33920.266
MinimumVisualStudioVersion = 10.0.40219.1
Project("{9A19103F-16F7-4668-BE54-9A1E7A4F7556}") = "AKDEM.OBYS.Common", "AKDEM.OBYS.Common\AKDEM.OBYS.Common.csproj", "{A2224585-F8F9-45C7-A01A-9E58C5A85ED6}"
EndProject
Project("{FAE04EC0-301F-11D3-BF4B-00C04F79EFBC}") = "AKDEM.OBYS.Entities", "AKDEM.OBYS.Entities\AKDEM.OBYS.Entities.csproj", "{51DF43D8-6055-485D-8AFE-794249F4B938}"
EndProject
Project("{FAE04EC0-301F-11D3-BF4B-00C04F79EFBC}") = "AKDEM.OBYS.DataAccess", "AKDEM.OBYS.DataAccess\AKDEM.OBYS.DataAccess.csproj", "{C3992595-5ADB-43D3-83F3-5004F8CC57E3}"
EndProject
Global
	GlobalSection(SolutionConfigurationPlatforms) = preSolution
		Debug|Any CPU = Debug|Any CPU
		Release|Any CPU = Release|Any CPU
	EndGlobalSection
	GlobalSection(ProjectConfigurationPlatforms) = postSolution
		{A2224585-F8F9-45C7-A01A-9E58C5A85ED6}.Debug|Any CPU.ActiveCfg = Debug|Any CPU
		{A2224585-F8F9-45C7-A01A-9E58C5A85ED6}.Debug|Any CPU.Build.0 = Debug|Any CPU
		{A2224585-F8F9-45C7-A01A-9E58C5A85ED6}.Release|Any CPU.ActiveCfg = Release|Any CPU
		{A2224585-F8F9-45C7-A01A-9E58C5A85ED6}.Release|Any CPU.Build.0 = Release|Any CPU
		{51DF43D8-6055-485D-8AFE-794249F4B938}.Debug|Any CPU.ActiveCfg = Debug|Any CPU
		{51DF43D8-6055-485D-8AFE-794249F4B938}.Debug|Any CPU.Build.0 = Debug|Any CPU
		{51DF43D8-6055-485D-8AFE-794249F4B938}.Release|Any CPU.ActiveCfg = Release|Any CPU
		{51DF43D8-6055-485D-8AFE-794249F4B938}.Release|Any CPU.Build.0 = Release|Any CPU
		{C3992595-5ADB-43D3-83F3-5004F8CC57E3}.Debug|Any CPU.ActiveCfg = Debug|Any CPU
		{C3992595-5ADB-43D3-83F3-5004F8CC57E3}.Debug|Any CPU.Build.0 = Debug|Any CPU
		{C3992595-5ADB-43D3-83F3-5004F8CC57E3}.Release|Any CPU.ActiveCfg = Release|Any CPU
		{C3992595-5ADB-43D3-83F3-5004F8CC57E3}.Release|Any CPU.Build.0 = Release|Any CPU
	EndGlobalSection
	GlobalSection(SolutionProperties) = preSolution
		HideSolutionNode = FALSE
	EndGlobalSection
	GlobalSection(ExtensibilityGlobals) = postSolution
		SolutionGuid = {F32A0E3F-0EFF-42AE-B565-F3492D05C65A}
	EndGlobalSection
EndGlobal
